
Microsoft Visual Studio Solution File, Format Version 12.00
# Visual Studio Version 17
VisualStudioVersion = 17.3.32922.545
MinimumVisualStudioVersion = 10.0.40219.1
Project("{FAE04EC0-301F-11D3-BF4B-00C04F79EFBC}") = "CleanMovie.Domain", "CleanMovie.Domain\CleanMovie.Domain.csproj", "{0011DD8F-8BFE-4200-A9E4-BBDF71A4A9ED}"
EndProject
Project("{FAE04EC0-301F-11D3-BF4B-00C04F79EFBC}") = "CleanMovie.Application", "CleanMovie.Application\CleanMovie.Application.csproj", "{9926F22C-F3A3-4512-8475-28649AD4BB4E}"
EndProject
Project("{FAE04EC0-301F-11D3-BF4B-00C04F79EFBC}") = "CleanMovie.Infrastructure", "CleanMovie.Infrastructure\CleanMovie.Infrastructure.csproj", "{3B1A62FA-0AB2-40CA-873F-BC10AE98F290}"
EndProject
Project("{FAE04EC0-301F-11D3-BF4B-00C04F79EFBC}") = "CleanMovie.API", "CleanMovie.API\CleanMovie.API.csproj", "{BDA2962C-D34B-40FB-9AD2-51E783BF00B3}"
EndProject
Global
	GlobalSection(SolutionConfigurationPlatforms) = preSolution
		Debug|Any CPU = Debug|Any CPU
		Release|Any CPU = Release|Any CPU
	EndGlobalSection
	GlobalSection(ProjectConfigurationPlatforms) = postSolution
		{0011DD8F-8BFE-4200-A9E4-BBDF71A4A9ED}.Debug|Any CPU.ActiveCfg = Debug|Any CPU
		{0011DD8F-8BFE-4200-A9E4-BBDF71A4A9ED}.Debug|Any CPU.Build.0 = Debug|Any CPU
		{0011DD8F-8BFE-4200-A9E4-BBDF71A4A9ED}.Release|Any CPU.ActiveCfg = Release|Any CPU
		{0011DD8F-8BFE-4200-A9E4-BBDF71A4A9ED}.Release|Any CPU.Build.0 = Release|Any CPU
		{9926F22C-F3A3-4512-8475-28649AD4BB4E}.Debug|Any CPU.ActiveCfg = Debug|Any CPU
		{9926F22C-F3A3-4512-8475-28649AD4BB4E}.Debug|Any CPU.Build.0 = Debug|Any CPU
		{9926F22C-F3A3-4512-8475-28649AD4BB4E}.Release|Any CPU.ActiveCfg = Release|Any CPU
		{9926F22C-F3A3-4512-8475-28649AD4BB4E}.Release|Any CPU.Build.0 = Release|Any CPU
		{3B1A62FA-0AB2-40CA-873F-BC10AE98F290}.Debug|Any CPU.ActiveCfg = Debug|Any CPU
		{3B1A62FA-0AB2-40CA-873F-BC10AE98F290}.Debug|Any CPU.Build.0 = Debug|Any CPU
		{3B1A62FA-0AB2-40CA-873F-BC10AE98F290}.Release|Any CPU.ActiveCfg = Release|Any CPU
		{3B1A62FA-0AB2-40CA-873F-BC10AE98F290}.Release|Any CPU.Build.0 = Release|Any CPU
		{BDA2962C-D34B-40FB-9AD2-51E783BF00B3}.Debug|Any CPU.ActiveCfg = Debug|Any CPU
		{BDA2962C-D34B-40FB-9AD2-51E783BF00B3}.Debug|Any CPU.Build.0 = Debug|Any CPU
		{BDA2962C-D34B-40FB-9AD2-51E783BF00B3}.Release|Any CPU.ActiveCfg = Release|Any CPU
		{BDA2962C-D34B-40FB-9AD2-51E783BF00B3}.Release|Any CPU.Build.0 = Release|Any CPU
	EndGlobalSection
	GlobalSection(SolutionProperties) = preSolution
		HideSolutionNode = FALSE
	EndGlobalSection
	GlobalSection(ExtensibilityGlobals) = postSolution
		SolutionGuid = {B338BC6F-221D-4E35-9861-A58BB613B0C9}
	EndGlobalSection
EndGlobal
